
Microsoft Visual Studio Solution File, Format Version 12.00
# Visual Studio 15
Project("{FAE04EC0-301F-11D3-BF4B-00C04F79EFBC}") = "Lab1", "Lab1\Lab1.csproj", "{EC7535D0-467C-4324-898B-33C4529947B8}"
EndProject
Global
	GlobalSection(SolutionConfigurationPlatforms) = preSolution
		Debug|anycpu = Debug|anycpu
		Release|anycpu = Release|anycpu
	EndGlobalSection
	GlobalSection(ProjectConfigurationPlatforms) = postSolution
		{EC7535D0-467C-4324-898B-33C4529947B8}.Debug|anycpu.ActiveCfg = Debug|anycpu
		{EC7535D0-467C-4324-898B-33C4529947B8}.Debug|anycpu.Build.0 = Debug|anycpu
		{EC7535D0-467C-4324-898B-33C4529947B8}.Release|anycpu.ActiveCfg = Release|anycpu
		{EC7535D0-467C-4324-898B-33C4529947B8}.Release|anycpu.Build.0 = Release|anycpu
	EndGlobalSection
EndGlobal
